// !$*UTF8*$!
{
	archiveVersion = 1;
	classes = {
	};
	objectVersion = 50;
	objects = {

/* Begin PBXBuildFile section */
		1F0B3C8125EDBBD700D5A67B /* Runes.swift in Sources */ = {isa = PBXBuildFile; fileRef = 1F0B3C8025EDBBD700D5A67B /* Runes.swift */; };
		1F0B3C8225EDBBD700D5A67B /* Runes.swift in Sources */ = {isa = PBXBuildFile; fileRef = 1F0B3C8025EDBBD700D5A67B /* Runes.swift */; };
		1F0B3C8825EDBC5D00D5A67B /* HealthKit.framework in Frameworks */ = {isa = PBXBuildFile; fileRef = 1F0B3C8725EDBC5D00D5A67B /* HealthKit.framework */; };
		1F0B3C9225EDBCA400D5A67B /* HealthKitController.swift in Sources */ = {isa = PBXBuildFile; fileRef = 1F0B3C9125EDBCA400D5A67B /* HealthKitController.swift */; };
		1F0B3C9325EDBCA400D5A67B /* HealthKitController.swift in Sources */ = {isa = PBXBuildFile; fileRef = 1F0B3C9125EDBCA400D5A67B /* HealthKitController.swift */; };
		1F0B3C9825EDC7EA00D5A67B /* FakeHealthKit.swift in Sources */ = {isa = PBXBuildFile; fileRef = 1F0B3C9725EDC7EA00D5A67B /* FakeHealthKit.swift */; };
		1F0B3C9925EDC7EA00D5A67B /* FakeHealthKit.swift in Sources */ = {isa = PBXBuildFile; fileRef = 1F0B3C9725EDC7EA00D5A67B /* FakeHealthKit.swift */; };
		1FA0D95B25EDB84C00073F66 /* Runic.xcdatamodeld in Sources */ = {isa = PBXBuildFile; fileRef = 1FA0D94525EDB84C00073F66 /* Runic.xcdatamodeld */; };
		1FA0D95C25EDB84C00073F66 /* Runic.xcdatamodeld in Sources */ = {isa = PBXBuildFile; fileRef = 1FA0D94525EDB84C00073F66 /* Runic.xcdatamodeld */; };
		1FA0D95D25EDB84C00073F66 /* RunicApp.swift in Sources */ = {isa = PBXBuildFile; fileRef = 1FA0D94725EDB84C00073F66 /* RunicApp.swift */; };
		1FA0D95E25EDB84C00073F66 /* RunicApp.swift in Sources */ = {isa = PBXBuildFile; fileRef = 1FA0D94725EDB84C00073F66 /* RunicApp.swift */; };
		1FA0D95F25EDB84C00073F66 /* ContentView.swift in Sources */ = {isa = PBXBuildFile; fileRef = 1FA0D94825EDB84C00073F66 /* ContentView.swift */; };
		1FA0D96025EDB84C00073F66 /* ContentView.swift in Sources */ = {isa = PBXBuildFile; fileRef = 1FA0D94825EDB84C00073F66 /* ContentView.swift */; };
		1FA0D96125EDB84C00073F66 /* Persistence.swift in Sources */ = {isa = PBXBuildFile; fileRef = 1FA0D94925EDB84C00073F66 /* Persistence.swift */; };
		1FA0D96225EDB84C00073F66 /* Persistence.swift in Sources */ = {isa = PBXBuildFile; fileRef = 1FA0D94925EDB84C00073F66 /* Persistence.swift */; };
		1FA0D96325EDB84C00073F66 /* Assets.xcassets in Resources */ = {isa = PBXBuildFile; fileRef = 1FA0D94A25EDB84C00073F66 /* Assets.xcassets */; };
		1FA0D96425EDB84C00073F66 /* Assets.xcassets in Resources */ = {isa = PBXBuildFile; fileRef = 1FA0D94A25EDB84C00073F66 /* Assets.xcassets */; };
/* End PBXBuildFile section */

/* Begin PBXFileReference section */
		1F0B3C8025EDBBD700D5A67B /* Runes.swift */ = {isa = PBXFileReference; lastKnownFileType = sourcecode.swift; path = Runes.swift; sourceTree = "<group>"; };
		1F0B3C8525EDBC5D00D5A67B /* Runic.entitlements */ = {isa = PBXFileReference; lastKnownFileType = text.plist.entitlements; path = Runic.entitlements; sourceTree = "<group>"; };
		1F0B3C8725EDBC5D00D5A67B /* HealthKit.framework */ = {isa = PBXFileReference; lastKnownFileType = wrapper.framework; name = HealthKit.framework; path = Platforms/iPhoneOS.platform/Developer/SDKs/iPhoneOS14.4.sdk/System/Library/Frameworks/HealthKit.framework; sourceTree = DEVELOPER_DIR; };
		1F0B3C9125EDBCA400D5A67B /* HealthKitController.swift */ = {isa = PBXFileReference; lastKnownFileType = sourcecode.swift; path = HealthKitController.swift; sourceTree = "<group>"; };
		1F0B3C9725EDC7EA00D5A67B /* FakeHealthKit.swift */ = {isa = PBXFileReference; lastKnownFileType = sourcecode.swift; path = FakeHealthKit.swift; sourceTree = "<group>"; };
		1FA0D94625EDB84C00073F66 /* Shared.xcdatamodel */ = {isa = PBXFileReference; lastKnownFileType = wrapper.xcdatamodel; path = Shared.xcdatamodel; sourceTree = "<group>"; };
		1FA0D94725EDB84C00073F66 /* RunicApp.swift */ = {isa = PBXFileReference; lastKnownFileType = sourcecode.swift; path = RunicApp.swift; sourceTree = "<group>"; };
		1FA0D94825EDB84C00073F66 /* ContentView.swift */ = {isa = PBXFileReference; lastKnownFileType = sourcecode.swift; path = ContentView.swift; sourceTree = "<group>"; };
		1FA0D94925EDB84C00073F66 /* Persistence.swift */ = {isa = PBXFileReference; lastKnownFileType = sourcecode.swift; path = Persistence.swift; sourceTree = "<group>"; };
		1FA0D94A25EDB84C00073F66 /* Assets.xcassets */ = {isa = PBXFileReference; lastKnownFileType = folder.assetcatalog; path = Assets.xcassets; sourceTree = "<group>"; };
		1FA0D94F25EDB84C00073F66 /* Runic.app */ = {isa = PBXFileReference; explicitFileType = wrapper.application; includeInIndex = 0; path = Runic.app; sourceTree = BUILT_PRODUCTS_DIR; };
		1FA0D95225EDB84C00073F66 /* Info.plist */ = {isa = PBXFileReference; lastKnownFileType = text.plist.xml; path = Info.plist; sourceTree = "<group>"; };
		1FA0D95725EDB84C00073F66 /* Runic.app */ = {isa = PBXFileReference; explicitFileType = wrapper.application; includeInIndex = 0; path = Runic.app; sourceTree = BUILT_PRODUCTS_DIR; };
		1FA0D95925EDB84C00073F66 /* Info.plist */ = {isa = PBXFileReference; lastKnownFileType = text.plist.xml; path = Info.plist; sourceTree = "<group>"; };
		1FA0D95A25EDB84C00073F66 /* macOS.entitlements */ = {isa = PBXFileReference; lastKnownFileType = text.plist.entitlements; path = macOS.entitlements; sourceTree = "<group>"; };
/* End PBXFileReference section */

/* Begin PBXFrameworksBuildPhase section */
		1FA0D94C25EDB84C00073F66 /* Frameworks */ = {
			isa = PBXFrameworksBuildPhase;
			buildActionMask = 2147483647;
			files = (
				1F0B3C8825EDBC5D00D5A67B /* HealthKit.framework in Frameworks */,
			);
			runOnlyForDeploymentPostprocessing = 0;
		};
		1FA0D95425EDB84C00073F66 /* Frameworks */ = {
			isa = PBXFrameworksBuildPhase;
			buildActionMask = 2147483647;
			files = (
			);
			runOnlyForDeploymentPostprocessing = 0;
		};
/* End PBXFrameworksBuildPhase section */

/* Begin PBXGroup section */
		1F0B3C8625EDBC5D00D5A67B /* Frameworks */ = {
			isa = PBXGroup;
			children = (
				1F0B3C8725EDBC5D00D5A67B /* HealthKit.framework */,
			);
			name = Frameworks;
			sourceTree = "<group>";
		};
		1FA0D93F25EDB84B00073F66 = {
			isa = PBXGroup;
			children = (
				1F0B3C8525EDBC5D00D5A67B /* Runic.entitlements */,
				1FA0D94425EDB84B00073F66 /* Shared */,
				1FA0D95125EDB84C00073F66 /* iOS */,
				1FA0D95825EDB84C00073F66 /* macOS */,
				1FA0D95025EDB84C00073F66 /* Products */,
				1F0B3C8625EDBC5D00D5A67B /* Frameworks */,
			);
			sourceTree = "<group>";
		};
		1FA0D94425EDB84B00073F66 /* Shared */ = {
			isa = PBXGroup;
			children = (
				1FA0D94725EDB84C00073F66 /* RunicApp.swift */,
				1FA0D94825EDB84C00073F66 /* ContentView.swift */,
				1FA0D94925EDB84C00073F66 /* Persistence.swift */,
				1FA0D94A25EDB84C00073F66 /* Assets.xcassets */,
				1FA0D94525EDB84C00073F66 /* Runic.xcdatamodeld */,
				1F0B3C8025EDBBD700D5A67B /* Runes.swift */,
				1F0B3C9125EDBCA400D5A67B /* HealthKitController.swift */,
				1F0B3C9725EDC7EA00D5A67B /* FakeHealthKit.swift */,
			);
			path = Shared;
			sourceTree = "<group>";
		};
		1FA0D95025EDB84C00073F66 /* Products */ = {
			isa = PBXGroup;
			children = (
				1FA0D94F25EDB84C00073F66 /* Runic.app */,
				1FA0D95725EDB84C00073F66 /* Runic.app */,
			);
			name = Products;
			sourceTree = "<group>";
		};
		1FA0D95125EDB84C00073F66 /* iOS */ = {
			isa = PBXGroup;
			children = (
				1FA0D95225EDB84C00073F66 /* Info.plist */,
			);
			path = iOS;
			sourceTree = "<group>";
		};
		1FA0D95825EDB84C00073F66 /* macOS */ = {
			isa = PBXGroup;
			children = (
				1FA0D95925EDB84C00073F66 /* Info.plist */,
				1FA0D95A25EDB84C00073F66 /* macOS.entitlements */,
			);
			path = macOS;
			sourceTree = "<group>";
		};
/* End PBXGroup section */

/* Begin PBXNativeTarget section */
		1FA0D94E25EDB84C00073F66 /* Runic (iOS) */ = {
			isa = PBXNativeTarget;
			buildConfigurationList = 1FA0D96725EDB84C00073F66 /* Build configuration list for PBXNativeTarget "Runic (iOS)" */;
			buildPhases = (
				1FA0D94B25EDB84C00073F66 /* Sources */,
				1FA0D94C25EDB84C00073F66 /* Frameworks */,
				1FA0D94D25EDB84C00073F66 /* Resources */,
			);
			buildRules = (
			);
			dependencies = (
			);
			name = "Runic (iOS)";
			productName = "Runic (iOS)";
			productReference = 1FA0D94F25EDB84C00073F66 /* Runic.app */;
			productType = "com.apple.product-type.application";
		};
		1FA0D95625EDB84C00073F66 /* Runic (macOS) */ = {
			isa = PBXNativeTarget;
			buildConfigurationList = 1FA0D96A25EDB84C00073F66 /* Build configuration list for PBXNativeTarget "Runic (macOS)" */;
			buildPhases = (
				1FA0D95325EDB84C00073F66 /* Sources */,
				1FA0D95425EDB84C00073F66 /* Frameworks */,
				1FA0D95525EDB84C00073F66 /* Resources */,
			);
			buildRules = (
			);
			dependencies = (
			);
			name = "Runic (macOS)";
			productName = "Runic (macOS)";
			productReference = 1FA0D95725EDB84C00073F66 /* Runic.app */;
			productType = "com.apple.product-type.application";
		};
/* End PBXNativeTarget section */

/* Begin PBXProject section */
		1FA0D94025EDB84B00073F66 /* Project object */ = {
			isa = PBXProject;
			attributes = {
				LastSwiftUpdateCheck = 1240;
				LastUpgradeCheck = 1240;
				TargetAttributes = {
					1FA0D94E25EDB84C00073F66 = {
						CreatedOnToolsVersion = 12.4;
					};
					1FA0D95625EDB84C00073F66 = {
						CreatedOnToolsVersion = 12.4;
					};
				};
			};
			buildConfigurationList = 1FA0D94325EDB84B00073F66 /* Build configuration list for PBXProject "Runic" */;
			compatibilityVersion = "Xcode 9.3";
			developmentRegion = en;
			hasScannedForEncodings = 0;
			knownRegions = (
				en,
				Base,
			);
			mainGroup = 1FA0D93F25EDB84B00073F66;
			productRefGroup = 1FA0D95025EDB84C00073F66 /* Products */;
			projectDirPath = "";
			projectRoot = "";
			targets = (
				1FA0D94E25EDB84C00073F66 /* Runic (iOS) */,
				1FA0D95625EDB84C00073F66 /* Runic (macOS) */,
			);
		};
/* End PBXProject section */

/* Begin PBXResourcesBuildPhase section */
		1FA0D94D25EDB84C00073F66 /* Resources */ = {
			isa = PBXResourcesBuildPhase;
			buildActionMask = 2147483647;
			files = (
				1FA0D96325EDB84C00073F66 /* Assets.xcassets in Resources */,
			);
			runOnlyForDeploymentPostprocessing = 0;
		};
		1FA0D95525EDB84C00073F66 /* Resources */ = {
			isa = PBXResourcesBuildPhase;
			buildActionMask = 2147483647;
			files = (
				1FA0D96425EDB84C00073F66 /* Assets.xcassets in Resources */,
			);
			runOnlyForDeploymentPostprocessing = 0;
		};
/* End PBXResourcesBuildPhase section */

/* Begin PBXSourcesBuildPhase section */
		1FA0D94B25EDB84C00073F66 /* Sources */ = {
			isa = PBXSourcesBuildPhase;
			buildActionMask = 2147483647;
			files = (
				1FA0D95B25EDB84C00073F66 /* Runic.xcdatamodeld in Sources */,
				1FA0D96125EDB84C00073F66 /* Persistence.swift in Sources */,
				1F0B3C9225EDBCA400D5A67B /* HealthKitController.swift in Sources */,
				1FA0D95D25EDB84C00073F66 /* RunicApp.swift in Sources */,
				1F0B3C9825EDC7EA00D5A67B /* FakeHealthKit.swift in Sources */,
				1FA0D95F25EDB84C00073F66 /* ContentView.swift in Sources */,
				1F0B3C8125EDBBD700D5A67B /* Runes.swift in Sources */,
			);
			runOnlyForDeploymentPostprocessing = 0;
		};
		1FA0D95325EDB84C00073F66 /* Sources */ = {
			isa = PBXSourcesBuildPhase;
			buildActionMask = 2147483647;
			files = (
				1FA0D95C25EDB84C00073F66 /* Runic.xcdatamodeld in Sources */,
				1FA0D96225EDB84C00073F66 /* Persistence.swift in Sources */,
				1F0B3C9325EDBCA400D5A67B /* HealthKitController.swift in Sources */,
				1FA0D95E25EDB84C00073F66 /* RunicApp.swift in Sources */,
				1F0B3C9925EDC7EA00D5A67B /* FakeHealthKit.swift in Sources */,
				1FA0D96025EDB84C00073F66 /* ContentView.swift in Sources */,
				1F0B3C8225EDBBD700D5A67B /* Runes.swift in Sources */,
			);
			runOnlyForDeploymentPostprocessing = 0;
		};
/* End PBXSourcesBuildPhase section */

/* Begin XCBuildConfiguration section */
		1FA0D96525EDB84C00073F66 /* Debug */ = {
			isa = XCBuildConfiguration;
			buildSettings = {
				ALWAYS_SEARCH_USER_PATHS = NO;
				CLANG_ANALYZER_NONNULL = YES;
				CLANG_ANALYZER_NUMBER_OBJECT_CONVERSION = YES_AGGRESSIVE;
				CLANG_CXX_LANGUAGE_STANDARD = "gnu++14";
				CLANG_CXX_LIBRARY = "libc++";
				CLANG_ENABLE_MODULES = YES;
				CLANG_ENABLE_OBJC_ARC = YES;
				CLANG_ENABLE_OBJC_WEAK = YES;
				CLANG_WARN_BLOCK_CAPTURE_AUTORELEASING = YES;
				CLANG_WARN_BOOL_CONVERSION = YES;
				CLANG_WARN_COMMA = YES;
				CLANG_WARN_CONSTANT_CONVERSION = YES;
				CLANG_WARN_DEPRECATED_OBJC_IMPLEMENTATIONS = YES;
				CLANG_WARN_DIRECT_OBJC_ISA_USAGE = YES_ERROR;
				CLANG_WARN_DOCUMENTATION_COMMENTS = YES;
				CLANG_WARN_EMPTY_BODY = YES;
				CLANG_WARN_ENUM_CONVERSION = YES;
				CLANG_WARN_INFINITE_RECURSION = YES;
				CLANG_WARN_INT_CONVERSION = YES;
				CLANG_WARN_NON_LITERAL_NULL_CONVERSION = YES;
				CLANG_WARN_OBJC_IMPLICIT_RETAIN_SELF = YES;
				CLANG_WARN_OBJC_LITERAL_CONVERSION = YES;
				CLANG_WARN_OBJC_ROOT_CLASS = YES_ERROR;
				CLANG_WARN_QUOTED_INCLUDE_IN_FRAMEWORK_HEADER = YES;
				CLANG_WARN_RANGE_LOOP_ANALYSIS = YES;
				CLANG_WARN_STRICT_PROTOTYPES = YES;
				CLANG_WARN_SUSPICIOUS_MOVE = YES;
				CLANG_WARN_UNGUARDED_AVAILABILITY = YES_AGGRESSIVE;
				CLANG_WARN_UNREACHABLE_CODE = YES;
				CLANG_WARN__DUPLICATE_METHOD_MATCH = YES;
				COPY_PHASE_STRIP = NO;
				DEBUG_INFORMATION_FORMAT = dwarf;
				ENABLE_STRICT_OBJC_MSGSEND = YES;
				ENABLE_TESTABILITY = YES;
				GCC_C_LANGUAGE_STANDARD = gnu11;
				GCC_DYNAMIC_NO_PIC = NO;
				GCC_NO_COMMON_BLOCKS = YES;
				GCC_OPTIMIZATION_LEVEL = 0;
				GCC_PREPROCESSOR_DEFINITIONS = (
					"DEBUG=1",
					"$(inherited)",
				);
				GCC_WARN_64_TO_32_BIT_CONVERSION = YES;
				GCC_WARN_ABOUT_RETURN_TYPE = YES_ERROR;
				GCC_WARN_UNDECLARED_SELECTOR = YES;
				GCC_WARN_UNINITIALIZED_AUTOS = YES_AGGRESSIVE;
				GCC_WARN_UNUSED_FUNCTION = YES;
				GCC_WARN_UNUSED_VARIABLE = YES;
				MTL_ENABLE_DEBUG_INFO = INCLUDE_SOURCE;
				MTL_FAST_MATH = YES;
				ONLY_ACTIVE_ARCH = YES;
				SWIFT_ACTIVE_COMPILATION_CONDITIONS = DEBUG;
				SWIFT_OPTIMIZATION_LEVEL = "-Onone";
			};
			name = Debug;
		};
		1FA0D96625EDB84C00073F66 /* Release */ = {
			isa = XCBuildConfiguration;
			buildSettings = {
				ALWAYS_SEARCH_USER_PATHS = NO;
				CLANG_ANALYZER_NONNULL = YES;
				CLANG_ANALYZER_NUMBER_OBJECT_CONVERSION = YES_AGGRESSIVE;
				CLANG_CXX_LANGUAGE_STANDARD = "gnu++14";
				CLANG_CXX_LIBRARY = "libc++";
				CLANG_ENABLE_MODULES = YES;
				CLANG_ENABLE_OBJC_ARC = YES;
				CLANG_ENABLE_OBJC_WEAK = YES;
				CLANG_WARN_BLOCK_CAPTURE_AUTORELEASING = YES;
				CLANG_WARN_BOOL_CONVERSION = YES;
				CLANG_WARN_COMMA = YES;
				CLANG_WARN_CONSTANT_CONVERSION = YES;
				CLANG_WARN_DEPRECATED_OBJC_IMPLEMENTATIONS = YES;
				CLANG_WARN_DIRECT_OBJC_ISA_USAGE = YES_ERROR;
				CLANG_WARN_DOCUMENTATION_COMMENTS = YES;
				CLANG_WARN_EMPTY_BODY = YES;
				CLANG_WARN_ENUM_CONVERSION = YES;
				CLANG_WARN_INFINITE_RECURSION = YES;
				CLANG_WARN_INT_CONVERSION = YES;
				CLANG_WARN_NON_LITERAL_NULL_CONVERSION = YES;
				CLANG_WARN_OBJC_IMPLICIT_RETAIN_SELF = YES;
				CLANG_WARN_OBJC_LITERAL_CONVERSION = YES;
				CLANG_WARN_OBJC_ROOT_CLASS = YES_ERROR;
				CLANG_WARN_QUOTED_INCLUDE_IN_FRAMEWORK_HEADER = YES;
				CLANG_WARN_RANGE_LOOP_ANALYSIS = YES;
				CLANG_WARN_STRICT_PROTOTYPES = YES;
				CLANG_WARN_SUSPICIOUS_MOVE = YES;
				CLANG_WARN_UNGUARDED_AVAILABILITY = YES_AGGRESSIVE;
				CLANG_WARN_UNREACHABLE_CODE = YES;
				CLANG_WARN__DUPLICATE_METHOD_MATCH = YES;
				COPY_PHASE_STRIP = NO;
				DEBUG_INFORMATION_FORMAT = "dwarf-with-dsym";
				ENABLE_NS_ASSERTIONS = NO;
				ENABLE_STRICT_OBJC_MSGSEND = YES;
				GCC_C_LANGUAGE_STANDARD = gnu11;
				GCC_NO_COMMON_BLOCKS = YES;
				GCC_WARN_64_TO_32_BIT_CONVERSION = YES;
				GCC_WARN_ABOUT_RETURN_TYPE = YES_ERROR;
				GCC_WARN_UNDECLARED_SELECTOR = YES;
				GCC_WARN_UNINITIALIZED_AUTOS = YES_AGGRESSIVE;
				GCC_WARN_UNUSED_FUNCTION = YES;
				GCC_WARN_UNUSED_VARIABLE = YES;
				MTL_ENABLE_DEBUG_INFO = NO;
				MTL_FAST_MATH = YES;
				SWIFT_COMPILATION_MODE = wholemodule;
				SWIFT_OPTIMIZATION_LEVEL = "-O";
			};
			name = Release;
		};
		1FA0D96825EDB84C00073F66 /* Debug */ = {
			isa = XCBuildConfiguration;
			buildSettings = {
				ASSETCATALOG_COMPILER_APPICON_NAME = AppIcon;
				ASSETCATALOG_COMPILER_GLOBAL_ACCENT_COLOR_NAME = AccentColor;
				CODE_SIGN_ENTITLEMENTS = Runic.entitlements;
				CODE_SIGN_STYLE = Automatic;
				DEVELOPMENT_TEAM = PGUSZZ68XF;
				ENABLE_PREVIEWS = YES;
				INFOPLIST_FILE = iOS/Info.plist;
				IPHONEOS_DEPLOYMENT_TARGET = 14.0;
				LD_RUNPATH_SEARCH_PATHS = (
					"$(inherited)",
					"@executable_path/Frameworks",
				);
				PRODUCT_BUNDLE_IDENTIFIER = com.feymarch.runic2;
				PRODUCT_NAME = Runic;
				SDKROOT = iphoneos;
				SWIFT_VERSION = 5.0;
				TARGETED_DEVICE_FAMILY = "1,2";
			};
			name = Debug;
		};
		1FA0D96925EDB84C00073F66 /* Release */ = {
			isa = XCBuildConfiguration;
			buildSettings = {
				ASSETCATALOG_COMPILER_APPICON_NAME = AppIcon;
				ASSETCATALOG_COMPILER_GLOBAL_ACCENT_COLOR_NAME = AccentColor;
				CODE_SIGN_ENTITLEMENTS = Runic.entitlements;
				CODE_SIGN_STYLE = Automatic;
				DEVELOPMENT_TEAM = PGUSZZ68XF;
				ENABLE_PREVIEWS = YES;
				INFOPLIST_FILE = iOS/Info.plist;
				IPHONEOS_DEPLOYMENT_TARGET = 14.0;
				LD_RUNPATH_SEARCH_PATHS = (
					"$(inherited)",
					"@executable_path/Frameworks",
				);
				PRODUCT_BUNDLE_IDENTIFIER = com.feymarch.runic2;
				PRODUCT_NAME = Runic;
				SDKROOT = iphoneos;
				SWIFT_VERSION = 5.0;
				TARGETED_DEVICE_FAMILY = "1,2";
				VALIDATE_PRODUCT = YES;
			};
			name = Release;
		};
		1FA0D96B25EDB84C00073F66 /* Debug */ = {
			isa = XCBuildConfiguration;
			buildSettings = {
				ASSETCATALOG_COMPILER_APPICON_NAME = AppIcon;
				ASSETCATALOG_COMPILER_GLOBAL_ACCENT_COLOR_NAME = AccentColor;
				CODE_SIGN_ENTITLEMENTS = macOS/macOS.entitlements;
				CODE_SIGN_STYLE = Automatic;
				COMBINE_HIDPI_IMAGES = YES;
				DEVELOPMENT_TEAM = PGUSZZ68XF;
				ENABLE_HARDENED_RUNTIME = YES;
				ENABLE_PREVIEWS = YES;
				INFOPLIST_FILE = macOS/Info.plist;
				LD_RUNPATH_SEARCH_PATHS = (
					"$(inherited)",
					"@executable_path/../Frameworks",
				);
				MACOSX_DEPLOYMENT_TARGET = 11.0;
				PRODUCT_BUNDLE_IDENTIFIER = com.feymarch.Runic;
				PRODUCT_NAME = Runic;
				SDKROOT = macosx;
				SWIFT_VERSION = 5.0;
			};
			name = Debug;
		};
		1FA0D96C25EDB84C00073F66 /* Release */ = {
			isa = XCBuildConfiguration;
			buildSettings = {
				ASSETCATALOG_COMPILER_APPICON_NAME = AppIcon;
				ASSETCATALOG_COMPILER_GLOBAL_ACCENT_COLOR_NAME = AccentColor;
				CODE_SIGN_ENTITLEMENTS = macOS/macOS.entitlements;
				CODE_SIGN_STYLE = Automatic;
				COMBINE_HIDPI_IMAGES = YES;
				DEVELOPMENT_TEAM = PGUSZZ68XF;
				ENABLE_HARDENED_RUNTIME = YES;
				ENABLE_PREVIEWS = YES;
				INFOPLIST_FILE = macOS/Info.plist;
				LD_RUNPATH_SEARCH_PATHS = (
					"$(inherited)",
					"@executable_path/../Frameworks",
				);
				MACOSX_DEPLOYMENT_TARGET = 11.0;
				PRODUCT_BUNDLE_IDENTIFIER = com.feymarch.Runic;
				PRODUCT_NAME = Runic;
				SDKROOT = macosx;
				SWIFT_VERSION = 5.0;
			};
			name = Release;
		};
/* End XCBuildConfiguration section */

/* Begin XCConfigurationList section */
		1FA0D94325EDB84B00073F66 /* Build configuration list for PBXProject "Runic" */ = {
			isa = XCConfigurationList;
			buildConfigurations = (
				1FA0D96525EDB84C00073F66 /* Debug */,
				1FA0D96625EDB84C00073F66 /* Release */,
			);
			defaultConfigurationIsVisible = 0;
			defaultConfigurationName = Release;
		};
		1FA0D96725EDB84C00073F66 /* Build configuration list for PBXNativeTarget "Runic (iOS)" */ = {
			isa = XCConfigurationList;
			buildConfigurations = (
				1FA0D96825EDB84C00073F66 /* Debug */,
				1FA0D96925EDB84C00073F66 /* Release */,
			);
			defaultConfigurationIsVisible = 0;
			defaultConfigurationName = Release;
		};
		1FA0D96A25EDB84C00073F66 /* Build configuration list for PBXNativeTarget "Runic (macOS)" */ = {
			isa = XCConfigurationList;
			buildConfigurations = (
				1FA0D96B25EDB84C00073F66 /* Debug */,
				1FA0D96C25EDB84C00073F66 /* Release */,
			);
			defaultConfigurationIsVisible = 0;
			defaultConfigurationName = Release;
		};
/* End XCConfigurationList section */

/* Begin XCVersionGroup section */
		1FA0D94525EDB84C00073F66 /* Runic.xcdatamodeld */ = {
			isa = XCVersionGroup;
			children = (
				1FA0D94625EDB84C00073F66 /* Shared.xcdatamodel */,
			);
			currentVersion = 1FA0D94625EDB84C00073F66 /* Shared.xcdatamodel */;
			path = Runic.xcdatamodeld;
			sourceTree = "<group>";
			versionGroupType = wrapper.xcdatamodel;
		};
/* End XCVersionGroup section */
	};
	rootObject = 1FA0D94025EDB84B00073F66 /* Project object */;
}
